
Microsoft Visual Studio Solution File, Format Version 12.00
# Visual Studio 15
Project("{FAE04EC0-301F-11D3-BF4B-00C04F79EFBC}") = "AssetsManagement", "AssetsManagement\AssetsManagement.csproj", "{060F01E3-4C48-4D89-B94A-D0B32CF1DE91}"
EndProject
Project("{FAE04EC0-301F-11D3-BF4B-00C04F79EFBC}") = "AssetsManagement.Tests", "AssetsManagement.Tests\AssetsManagement.Tests.csproj", "{113E3CFC-50F3-45AF-85D9-7CA7E8918532}"
EndProject
Global
	GlobalSection(SolutionConfigurationPlatforms) = preSolution
		Debug|Any CPU = Debug|Any CPU
		Release|Any CPU = Release|Any CPU
	EndGlobalSection
	GlobalSection(ProjectConfigurationPlatforms) = postSolution
		{060F01E3-4C48-4D89-B94A-D0B32CF1DE91}.Debug|Any CPU.ActiveCfg = Debug|Any CPU
		{060F01E3-4C48-4D89-B94A-D0B32CF1DE91}.Debug|Any CPU.Build.0 = Debug|Any CPU
		{060F01E3-4C48-4D89-B94A-D0B32CF1DE91}.Release|Any CPU.ActiveCfg = Release|Any CPU
		{060F01E3-4C48-4D89-B94A-D0B32CF1DE91}.Release|Any CPU.Build.0 = Release|Any CPU
		{113E3CFC-50F3-45AF-85D9-7CA7E8918532}.Debug|Any CPU.ActiveCfg = Debug|Any CPU
		{113E3CFC-50F3-45AF-85D9-7CA7E8918532}.Debug|Any CPU.Build.0 = Debug|Any CPU
		{113E3CFC-50F3-45AF-85D9-7CA7E8918532}.Release|Any CPU.ActiveCfg = Release|Any CPU
		{113E3CFC-50F3-45AF-85D9-7CA7E8918532}.Release|Any CPU.Build.0 = Release|Any CPU
	EndGlobalSection
EndGlobal
